
Microsoft Visual Studio Solution File, Format Version 12.00
# Visual Studio 15
VisualStudioVersion = 15.0.28307.421
MinimumVisualStudioVersion = 10.0.40219.1
Project("{FAE04EC0-301F-11D3-BF4B-00C04F79EFBC}") = "Remita.PluginDemo", "Remita.PluginDemo\Remita.PluginDemo.csproj", "{4CCAEF4F-46AD-4565-B65C-38A0C2704B8E}"
EndProject
Global
	GlobalSection(SolutionConfigurationPlatforms) = preSolution
		Debug|Any CPU = Debug|Any CPU
		Release|Any CPU = Release|Any CPU
	EndGlobalSection
	GlobalSection(ProjectConfigurationPlatforms) = postSolution
		{4CCAEF4F-46AD-4565-B65C-38A0C2704B8E}.Debug|Any CPU.ActiveCfg = Debug|Any CPU
		{4CCAEF4F-46AD-4565-B65C-38A0C2704B8E}.Debug|Any CPU.Build.0 = Debug|Any CPU
		{4CCAEF4F-46AD-4565-B65C-38A0C2704B8E}.Release|Any CPU.ActiveCfg = Release|Any CPU
		{4CCAEF4F-46AD-4565-B65C-38A0C2704B8E}.Release|Any CPU.Build.0 = Release|Any CPU
	EndGlobalSection
	GlobalSection(SolutionProperties) = preSolution
		HideSolutionNode = FALSE
	EndGlobalSection
	GlobalSection(ExtensibilityGlobals) = postSolution
		SolutionGuid = {18862CD6-A590-4684-9CA7-631A25213528}
	EndGlobalSection
EndGlobal
